
Microsoft Visual Studio Solution File, Format Version 12.00
# Visual Studio 15
VisualStudioVersion = 15.0.28307.572
MinimumVisualStudioVersion = 10.0.40219.1
Project("{9A19103F-16F7-4668-BE54-9A1E7A4F7556}") = "Zen.GuiControlsTests", "GuiControlsTests\Zen.GuiControlsTests.csproj", "{FE89E634-7217-4B2F-A2DE-EA2531A9FF97}"
EndProject
Project("{FAE04EC0-301F-11D3-BF4B-00C04F79EFBC}") = "Zen.GuiControls", "GuiControls\Zen.GuiControls.csproj", "{BF01E621-DACC-4507-9207-8B15325B7AD8}"
EndProject
Global
	GlobalSection(SolutionConfigurationPlatforms) = preSolution
		Debug|Any CPU = Debug|Any CPU
		Release|Any CPU = Release|Any CPU
	EndGlobalSection
	GlobalSection(ProjectConfigurationPlatforms) = postSolution
		{FE89E634-7217-4B2F-A2DE-EA2531A9FF97}.Debug|Any CPU.ActiveCfg = Debug|Any CPU
		{FE89E634-7217-4B2F-A2DE-EA2531A9FF97}.Debug|Any CPU.Build.0 = Debug|Any CPU
		{FE89E634-7217-4B2F-A2DE-EA2531A9FF97}.Release|Any CPU.ActiveCfg = Release|Any CPU
		{FE89E634-7217-4B2F-A2DE-EA2531A9FF97}.Release|Any CPU.Build.0 = Release|Any CPU
		{BF01E621-DACC-4507-9207-8B15325B7AD8}.Debug|Any CPU.ActiveCfg = Debug|Any CPU
		{BF01E621-DACC-4507-9207-8B15325B7AD8}.Debug|Any CPU.Build.0 = Debug|Any CPU
		{BF01E621-DACC-4507-9207-8B15325B7AD8}.Release|Any CPU.ActiveCfg = Release|Any CPU
		{BF01E621-DACC-4507-9207-8B15325B7AD8}.Release|Any CPU.Build.0 = Release|Any CPU
	EndGlobalSection
	GlobalSection(SolutionProperties) = preSolution
		HideSolutionNode = FALSE
	EndGlobalSection
	GlobalSection(ExtensibilityGlobals) = postSolution
		SolutionGuid = {AEC1D80F-E2D3-4AB2-80DB-D81221B58B75}
	EndGlobalSection
EndGlobal
